
Microsoft Visual Studio Solution File, Format Version 12.00
# Visual Studio Version 16
VisualStudioVersion = 16.0.31911.196
MinimumVisualStudioVersion = 10.0.40219.1
Project("{FAE04EC0-301F-11D3-BF4B-00C04F79EFBC}") = "PasswordGenerator", "PasswordGenerator\PasswordGenerator.csproj", "{51BDD598-A270-4326-9435-37D4E2285005}"
EndProject
Global
	GlobalSection(SolutionConfigurationPlatforms) = preSolution
		Debug|Any CPU = Debug|Any CPU
		Release|Any CPU = Release|Any CPU
	EndGlobalSection
	GlobalSection(ProjectConfigurationPlatforms) = postSolution
		{51BDD598-A270-4326-9435-37D4E2285005}.Debug|Any CPU.ActiveCfg = Debug|Any CPU
		{51BDD598-A270-4326-9435-37D4E2285005}.Debug|Any CPU.Build.0 = Debug|Any CPU
		{51BDD598-A270-4326-9435-37D4E2285005}.Release|Any CPU.ActiveCfg = Release|Any CPU
		{51BDD598-A270-4326-9435-37D4E2285005}.Release|Any CPU.Build.0 = Release|Any CPU
	EndGlobalSection
	GlobalSection(SolutionProperties) = preSolution
		HideSolutionNode = FALSE
	EndGlobalSection
	GlobalSection(ExtensibilityGlobals) = postSolution
		SolutionGuid = {FCA7A7BB-1890-47D5-9433-2AACB5810F08}
	EndGlobalSection
EndGlobal
